
Microsoft Visual Studio Solution File, Format Version 12.00
# Visual Studio Version 16
Project("{8BC9CEB8-8B4A-11D0-8D11-00A0C91BC942}") = "ALL_BUILD", "ALL_BUILD.vcxproj", "{6A7ADC44-BA83-340F-AA7C-D859031209B5}"
	ProjectSection(ProjectDependencies) = postProject
		{1D865E34-460C-3F8F-9456-A7D5E583CBD1} = {1D865E34-460C-3F8F-9456-A7D5E583CBD1}
		{DF48CCAC-1BF9-35F3-8FB3-977DDE38800B} = {DF48CCAC-1BF9-35F3-8FB3-977DDE38800B}
		{11C6F8A0-B11F-3377-BF2A-F8304272B9E5} = {11C6F8A0-B11F-3377-BF2A-F8304272B9E5}
		{566FFFEC-474B-316A-A24C-D53771788D49} = {566FFFEC-474B-316A-A24C-D53771788D49}
		{6C064EF9-B0CA-392C-A827-769637A35D4E} = {6C064EF9-B0CA-392C-A827-769637A35D4E}
		{63AB3642-55C2-3E2D-90E0-AF5F55FE513C} = {63AB3642-55C2-3E2D-90E0-AF5F55FE513C}
	EndProjectSection
EndProject
Project("{8BC9CEB8-8B4A-11D0-8D11-00A0C91BC942}") = "Example_TinyExtender", "dependencies\tinyextender\Example\Example_TinyExtender.vcxproj", "{1D865E34-460C-3F8F-9456-A7D5E583CBD1}"
	ProjectSection(ProjectDependencies) = postProject
		{63AB3642-55C2-3E2D-90E0-AF5F55FE513C} = {63AB3642-55C2-3E2D-90E0-AF5F55FE513C}
	EndProjectSection
EndProject
Project("{8BC9CEB8-8B4A-11D0-8D11-00A0C91BC942}") = "Example_TinyShaders", "dependencies\tinyshaders\Example\Example_TinyShaders.vcxproj", "{DF48CCAC-1BF9-35F3-8FB3-977DDE38800B}"
	ProjectSection(ProjectDependencies) = postProject
		{63AB3642-55C2-3E2D-90E0-AF5F55FE513C} = {63AB3642-55C2-3E2D-90E0-AF5F55FE513C}
	EndProjectSection
EndProject
Project("{8BC9CEB8-8B4A-11D0-8D11-00A0C91BC942}") = "TemporalAA", "examples\TemporalAA\TemporalAA.vcxproj", "{11C6F8A0-B11F-3377-BF2A-F8304272B9E5}"
	ProjectSection(ProjectDependencies) = postProject
		{63AB3642-55C2-3E2D-90E0-AF5F55FE513C} = {63AB3642-55C2-3E2D-90E0-AF5F55FE513C}
	EndProjectSection
EndProject
Project("{8BC9CEB8-8B4A-11D0-8D11-00A0C91BC942}") = "TinyClock_Example", "dependencies\tinyclock\Example\TinyClock_Example.vcxproj", "{566FFFEC-474B-316A-A24C-D53771788D49}"
	ProjectSection(ProjectDependencies) = postProject
		{63AB3642-55C2-3E2D-90E0-AF5F55FE513C} = {63AB3642-55C2-3E2D-90E0-AF5F55FE513C}
	EndProjectSection
EndProject
Project("{8BC9CEB8-8B4A-11D0-8D11-00A0C91BC942}") = "TinyWindow_Example", "dependencies\tinywindow\Example\TinyWindow_Example.vcxproj", "{6C064EF9-B0CA-392C-A827-769637A35D4E}"
	ProjectSection(ProjectDependencies) = postProject
		{63AB3642-55C2-3E2D-90E0-AF5F55FE513C} = {63AB3642-55C2-3E2D-90E0-AF5F55FE513C}
	EndProjectSection
EndProject
Project("{8BC9CEB8-8B4A-11D0-8D11-00A0C91BC942}") = "ZERO_CHECK", "ZERO_CHECK.vcxproj", "{63AB3642-55C2-3E2D-90E0-AF5F55FE513C}"
	ProjectSection(ProjectDependencies) = postProject
	EndProjectSection
EndProject
Global
	GlobalSection(SolutionConfigurationPlatforms) = preSolution
		Debug|x64 = Debug|x64
		Release|x64 = Release|x64
		MinSizeRel|x64 = MinSizeRel|x64
		RelWithDebInfo|x64 = RelWithDebInfo|x64
	EndGlobalSection
	GlobalSection(ProjectConfigurationPlatforms) = postSolution
		{6A7ADC44-BA83-340F-AA7C-D859031209B5}.Debug|x64.ActiveCfg = Debug|x64
		{6A7ADC44-BA83-340F-AA7C-D859031209B5}.Release|x64.ActiveCfg = Release|x64
		{6A7ADC44-BA83-340F-AA7C-D859031209B5}.MinSizeRel|x64.ActiveCfg = MinSizeRel|x64
		{6A7ADC44-BA83-340F-AA7C-D859031209B5}.RelWithDebInfo|x64.ActiveCfg = RelWithDebInfo|x64
		{1D865E34-460C-3F8F-9456-A7D5E583CBD1}.Debug|x64.ActiveCfg = Debug|x64
		{1D865E34-460C-3F8F-9456-A7D5E583CBD1}.Debug|x64.Build.0 = Debug|x64
		{1D865E34-460C-3F8F-9456-A7D5E583CBD1}.Release|x64.ActiveCfg = Release|x64
		{1D865E34-460C-3F8F-9456-A7D5E583CBD1}.Release|x64.Build.0 = Release|x64
		{1D865E34-460C-3F8F-9456-A7D5E583CBD1}.MinSizeRel|x64.ActiveCfg = MinSizeRel|x64
		{1D865E34-460C-3F8F-9456-A7D5E583CBD1}.MinSizeRel|x64.Build.0 = MinSizeRel|x64
		{1D865E34-460C-3F8F-9456-A7D5E583CBD1}.RelWithDebInfo|x64.ActiveCfg = RelWithDebInfo|x64
		{1D865E34-460C-3F8F-9456-A7D5E583CBD1}.RelWithDebInfo|x64.Build.0 = RelWithDebInfo|x64
		{DF48CCAC-1BF9-35F3-8FB3-977DDE38800B}.Debug|x64.ActiveCfg = Debug|x64
		{DF48CCAC-1BF9-35F3-8FB3-977DDE38800B}.Debug|x64.Build.0 = Debug|x64
		{DF48CCAC-1BF9-35F3-8FB3-977DDE38800B}.Release|x64.ActiveCfg = Release|x64
		{DF48CCAC-1BF9-35F3-8FB3-977DDE38800B}.Release|x64.Build.0 = Release|x64
		{DF48CCAC-1BF9-35F3-8FB3-977DDE38800B}.MinSizeRel|x64.ActiveCfg = MinSizeRel|x64
		{DF48CCAC-1BF9-35F3-8FB3-977DDE38800B}.MinSizeRel|x64.Build.0 = MinSizeRel|x64
		{DF48CCAC-1BF9-35F3-8FB3-977DDE38800B}.RelWithDebInfo|x64.ActiveCfg = RelWithDebInfo|x64
		{DF48CCAC-1BF9-35F3-8FB3-977DDE38800B}.RelWithDebInfo|x64.Build.0 = RelWithDebInfo|x64
		{11C6F8A0-B11F-3377-BF2A-F8304272B9E5}.Debug|x64.ActiveCfg = Debug|x64
		{11C6F8A0-B11F-3377-BF2A-F8304272B9E5}.Debug|x64.Build.0 = Debug|x64
		{11C6F8A0-B11F-3377-BF2A-F8304272B9E5}.Release|x64.ActiveCfg = Release|x64
		{11C6F8A0-B11F-3377-BF2A-F8304272B9E5}.Release|x64.Build.0 = Release|x64
		{11C6F8A0-B11F-3377-BF2A-F8304272B9E5}.MinSizeRel|x64.ActiveCfg = MinSizeRel|x64
		{11C6F8A0-B11F-3377-BF2A-F8304272B9E5}.MinSizeRel|x64.Build.0 = MinSizeRel|x64
		{11C6F8A0-B11F-3377-BF2A-F8304272B9E5}.RelWithDebInfo|x64.ActiveCfg = RelWithDebInfo|x64
		{11C6F8A0-B11F-3377-BF2A-F8304272B9E5}.RelWithDebInfo|x64.Build.0 = RelWithDebInfo|x64
		{566FFFEC-474B-316A-A24C-D53771788D49}.Debug|x64.ActiveCfg = Debug|x64
		{566FFFEC-474B-316A-A24C-D53771788D49}.Debug|x64.Build.0 = Debug|x64
		{566FFFEC-474B-316A-A24C-D53771788D49}.Release|x64.ActiveCfg = Release|x64
		{566FFFEC-474B-316A-A24C-D53771788D49}.Release|x64.Build.0 = Release|x64
		{566FFFEC-474B-316A-A24C-D53771788D49}.MinSizeRel|x64.ActiveCfg = MinSizeRel|x64
		{566FFFEC-474B-316A-A24C-D53771788D49}.MinSizeRel|x64.Build.0 = MinSizeRel|x64
		{566FFFEC-474B-316A-A24C-D53771788D49}.RelWithDebInfo|x64.ActiveCfg = RelWithDebInfo|x64
		{566FFFEC-474B-316A-A24C-D53771788D49}.RelWithDebInfo|x64.Build.0 = RelWithDebInfo|x64
		{6C064EF9-B0CA-392C-A827-769637A35D4E}.Debug|x64.ActiveCfg = Debug|x64
		{6C064EF9-B0CA-392C-A827-769637A35D4E}.Debug|x64.Build.0 = Debug|x64
		{6C064EF9-B0CA-392C-A827-769637A35D4E}.Release|x64.ActiveCfg = Release|x64
		{6C064EF9-B0CA-392C-A827-769637A35D4E}.Release|x64.Build.0 = Release|x64
		{6C064EF9-B0CA-392C-A827-769637A35D4E}.MinSizeRel|x64.ActiveCfg = MinSizeRel|x64
		{6C064EF9-B0CA-392C-A827-769637A35D4E}.MinSizeRel|x64.Build.0 = MinSizeRel|x64
		{6C064EF9-B0CA-392C-A827-769637A35D4E}.RelWithDebInfo|x64.ActiveCfg = RelWithDebInfo|x64
		{6C064EF9-B0CA-392C-A827-769637A35D4E}.RelWithDebInfo|x64.Build.0 = RelWithDebInfo|x64
		{63AB3642-55C2-3E2D-90E0-AF5F55FE513C}.Debug|x64.ActiveCfg = Debug|x64
		{63AB3642-55C2-3E2D-90E0-AF5F55FE513C}.Debug|x64.Build.0 = Debug|x64
		{63AB3642-55C2-3E2D-90E0-AF5F55FE513C}.Release|x64.ActiveCfg = Release|x64
		{63AB3642-55C2-3E2D-90E0-AF5F55FE513C}.Release|x64.Build.0 = Release|x64
		{63AB3642-55C2-3E2D-90E0-AF5F55FE513C}.MinSizeRel|x64.ActiveCfg = MinSizeRel|x64
		{63AB3642-55C2-3E2D-90E0-AF5F55FE513C}.MinSizeRel|x64.Build.0 = MinSizeRel|x64
		{63AB3642-55C2-3E2D-90E0-AF5F55FE513C}.RelWithDebInfo|x64.ActiveCfg = RelWithDebInfo|x64
		{63AB3642-55C2-3E2D-90E0-AF5F55FE513C}.RelWithDebInfo|x64.Build.0 = RelWithDebInfo|x64
	EndGlobalSection
	GlobalSection(ExtensibilityGlobals) = postSolution
		SolutionGuid = {DB7E9AF5-408B-3C5F-AFAF-B9E1B0CE3A26}
	EndGlobalSection
	GlobalSection(ExtensibilityAddIns) = postSolution
	EndGlobalSection
EndGlobal
