Microsoft Visual Studio Solution File, Format Version 12.00
# Visual Studio 15
Project("{8BC9CEB8-8B4A-11D0-8D11-00A0C91BC942}") = "ALL_BUILD", "ALL_BUILD.vcxproj", "{ECC5D88B-E7F0-3F91-ABCA-7669C30BBCD3}"
	ProjectSection(ProjectDependencies) = postProject
		{DA2D023E-31DD-357B-842B-B7F36AAE3C2C} = {DA2D023E-31DD-357B-842B-B7F36AAE3C2C}
		{3A27A918-6FE6-3A1A-B4A9-6C00092B22A5} = {3A27A918-6FE6-3A1A-B4A9-6C00092B22A5}
		{2C850E64-9330-3A0D-B93E-88D46A313EBB} = {2C850E64-9330-3A0D-B93E-88D46A313EBB}
		{7BE0B779-72E2-398A-A468-5811BD49BF6C} = {7BE0B779-72E2-398A-A468-5811BD49BF6C}
		{4D73849F-B5DE-3F6C-AFED-046EE437E7D9} = {4D73849F-B5DE-3F6C-AFED-046EE437E7D9}
		{5ACCD302-5867-3747-8F8B-B02FA91C1E62} = {5ACCD302-5867-3747-8F8B-B02FA91C1E62}
		{FA88C52A-34DD-3AD1-8CE3-05C23FC2B9EE} = {FA88C52A-34DD-3AD1-8CE3-05C23FC2B9EE}
		{3C769215-B7F8-3172-BB29-98F866B09F12} = {3C769215-B7F8-3172-BB29-98F866B09F12}
		{D073E3F7-C77A-3956-9E5F-8829EB201F3A} = {D073E3F7-C77A-3956-9E5F-8829EB201F3A}
		{A008480C-04B2-3AC7-BD6B-F045A1D1D662} = {A008480C-04B2-3AC7-BD6B-F045A1D1D662}
		{0593CCD2-9870-3760-8E7E-0E066B1E3832} = {0593CCD2-9870-3760-8E7E-0E066B1E3832}
		{4123203E-C7D4-3AFE-8CC6-4F39D5475F57} = {4123203E-C7D4-3AFE-8CC6-4F39D5475F57}
	EndProjectSection
EndProject
Project("{8BC9CEB8-8B4A-11D0-8D11-00A0C91BC942}") = "Example_TinyExtender", "dependencies\tinyextender\Example\Example_TinyExtender.vcxproj", "{DA2D023E-31DD-357B-842B-B7F36AAE3C2C}"
	ProjectSection(ProjectDependencies) = postProject
		{FA88C52A-34DD-3AD1-8CE3-05C23FC2B9EE} = {FA88C52A-34DD-3AD1-8CE3-05C23FC2B9EE}
	EndProjectSection
EndProject
Project("{8BC9CEB8-8B4A-11D0-8D11-00A0C91BC942}") = "Example_TinyShaders", "dependencies\tinyshaders\Example\Example_TinyShaders.vcxproj", "{3A27A918-6FE6-3A1A-B4A9-6C00092B22A5}"
	ProjectSection(ProjectDependencies) = postProject
		{FA88C52A-34DD-3AD1-8CE3-05C23FC2B9EE} = {FA88C52A-34DD-3AD1-8CE3-05C23FC2B9EE}
	EndProjectSection
EndProject
Project("{8BC9CEB8-8B4A-11D0-8D11-00A0C91BC942}") = "INSTALL", "INSTALL.vcxproj", "{0EF2E6D3-D83E-36E4-A5A3-AF670428BF4C}"
	ProjectSection(ProjectDependencies) = postProject
		{ECC5D88B-E7F0-3F91-ABCA-7669C30BBCD3} = {ECC5D88B-E7F0-3F91-ABCA-7669C30BBCD3}
		{FA88C52A-34DD-3AD1-8CE3-05C23FC2B9EE} = {FA88C52A-34DD-3AD1-8CE3-05C23FC2B9EE}
	EndProjectSection
EndProject
Project("{8BC9CEB8-8B4A-11D0-8D11-00A0C91BC942}") = "IrrXML", "dependencies\assimp\contrib\irrXML\IrrXML.vcxproj", "{2C850E64-9330-3A0D-B93E-88D46A313EBB}"
	ProjectSection(ProjectDependencies) = postProject
		{FA88C52A-34DD-3AD1-8CE3-05C23FC2B9EE} = {FA88C52A-34DD-3AD1-8CE3-05C23FC2B9EE}
	EndProjectSection
EndProject
Project("{8BC9CEB8-8B4A-11D0-8D11-00A0C91BC942}") = "TemporalAA", "examples\TemporalAA\TemporalAA.vcxproj", "{7BE0B779-72E2-398A-A468-5811BD49BF6C}"
	ProjectSection(ProjectDependencies) = postProject
		{FA88C52A-34DD-3AD1-8CE3-05C23FC2B9EE} = {FA88C52A-34DD-3AD1-8CE3-05C23FC2B9EE}
	EndProjectSection
EndProject
Project("{8BC9CEB8-8B4A-11D0-8D11-00A0C91BC942}") = "TinyClock_Example", "dependencies\tinyclock\Example\TinyClock_Example.vcxproj", "{4D73849F-B5DE-3F6C-AFED-046EE437E7D9}"
	ProjectSection(ProjectDependencies) = postProject
		{FA88C52A-34DD-3AD1-8CE3-05C23FC2B9EE} = {FA88C52A-34DD-3AD1-8CE3-05C23FC2B9EE}
	EndProjectSection
EndProject
Project("{8BC9CEB8-8B4A-11D0-8D11-00A0C91BC942}") = "TinyWindow_Example", "dependencies\tinywindow\Example\TinyWindow_Example.vcxproj", "{5ACCD302-5867-3747-8F8B-B02FA91C1E62}"
	ProjectSection(ProjectDependencies) = postProject
		{FA88C52A-34DD-3AD1-8CE3-05C23FC2B9EE} = {FA88C52A-34DD-3AD1-8CE3-05C23FC2B9EE}
	EndProjectSection
EndProject
Project("{8BC9CEB8-8B4A-11D0-8D11-00A0C91BC942}") = "UpdateAssimpLibsDebugSymbolsAndDLLs", "dependencies\assimp\UpdateAssimpLibsDebugSymbolsAndDLLs.vcxproj", "{374F21ED-1876-3ADA-AFBB-A7F343D2A10A}"
	ProjectSection(ProjectDependencies) = postProject
		{FA88C52A-34DD-3AD1-8CE3-05C23FC2B9EE} = {FA88C52A-34DD-3AD1-8CE3-05C23FC2B9EE}
	EndProjectSection
EndProject
Project("{8BC9CEB8-8B4A-11D0-8D11-00A0C91BC942}") = "ZERO_CHECK", "ZERO_CHECK.vcxproj", "{FA88C52A-34DD-3AD1-8CE3-05C23FC2B9EE}"
	ProjectSection(ProjectDependencies) = postProject
	EndProjectSection
EndProject
Project("{8BC9CEB8-8B4A-11D0-8D11-00A0C91BC942}") = "assimp", "dependencies\assimp\code\assimp.vcxproj", "{3C769215-B7F8-3172-BB29-98F866B09F12}"
	ProjectSection(ProjectDependencies) = postProject
		{2C850E64-9330-3A0D-B93E-88D46A313EBB} = {2C850E64-9330-3A0D-B93E-88D46A313EBB}
		{FA88C52A-34DD-3AD1-8CE3-05C23FC2B9EE} = {FA88C52A-34DD-3AD1-8CE3-05C23FC2B9EE}
		{4123203E-C7D4-3AFE-8CC6-4F39D5475F57} = {4123203E-C7D4-3AFE-8CC6-4F39D5475F57}
	EndProjectSection
EndProject
Project("{8BC9CEB8-8B4A-11D0-8D11-00A0C91BC942}") = "assimp_cmd", "dependencies\assimp\tools\assimp_cmd\assimp_cmd.vcxproj", "{D073E3F7-C77A-3956-9E5F-8829EB201F3A}"
	ProjectSection(ProjectDependencies) = postProject
		{2C850E64-9330-3A0D-B93E-88D46A313EBB} = {2C850E64-9330-3A0D-B93E-88D46A313EBB}
		{FA88C52A-34DD-3AD1-8CE3-05C23FC2B9EE} = {FA88C52A-34DD-3AD1-8CE3-05C23FC2B9EE}
		{3C769215-B7F8-3172-BB29-98F866B09F12} = {3C769215-B7F8-3172-BB29-98F866B09F12}
		{4123203E-C7D4-3AFE-8CC6-4F39D5475F57} = {4123203E-C7D4-3AFE-8CC6-4F39D5475F57}
	EndProjectSection
EndProject
Project("{8BC9CEB8-8B4A-11D0-8D11-00A0C91BC942}") = "uninstall", "dependencies\assimp\uninstall.vcxproj", "{E42EFCAC-2054-3160-B0EA-CB100F705375}"
	ProjectSection(ProjectDependencies) = postProject
		{FA88C52A-34DD-3AD1-8CE3-05C23FC2B9EE} = {FA88C52A-34DD-3AD1-8CE3-05C23FC2B9EE}
	EndProjectSection
EndProject
Project("{8BC9CEB8-8B4A-11D0-8D11-00A0C91BC942}") = "unit", "dependencies\assimp\test\unit.vcxproj", "{A008480C-04B2-3AC7-BD6B-F045A1D1D662}"
	ProjectSection(ProjectDependencies) = postProject
		{2C850E64-9330-3A0D-B93E-88D46A313EBB} = {2C850E64-9330-3A0D-B93E-88D46A313EBB}
		{FA88C52A-34DD-3AD1-8CE3-05C23FC2B9EE} = {FA88C52A-34DD-3AD1-8CE3-05C23FC2B9EE}
		{3C769215-B7F8-3172-BB29-98F866B09F12} = {3C769215-B7F8-3172-BB29-98F866B09F12}
		{4123203E-C7D4-3AFE-8CC6-4F39D5475F57} = {4123203E-C7D4-3AFE-8CC6-4F39D5475F57}
	EndProjectSection
EndProject
Project("{8BC9CEB8-8B4A-11D0-8D11-00A0C91BC942}") = "zlib", "dependencies\assimp\contrib\zlib\zlib.vcxproj", "{0593CCD2-9870-3760-8E7E-0E066B1E3832}"
	ProjectSection(ProjectDependencies) = postProject
		{FA88C52A-34DD-3AD1-8CE3-05C23FC2B9EE} = {FA88C52A-34DD-3AD1-8CE3-05C23FC2B9EE}
	EndProjectSection
EndProject
Project("{8BC9CEB8-8B4A-11D0-8D11-00A0C91BC942}") = "zlibstatic", "dependencies\assimp\contrib\zlib\zlibstatic.vcxproj", "{4123203E-C7D4-3AFE-8CC6-4F39D5475F57}"
	ProjectSection(ProjectDependencies) = postProject
		{FA88C52A-34DD-3AD1-8CE3-05C23FC2B9EE} = {FA88C52A-34DD-3AD1-8CE3-05C23FC2B9EE}
	EndProjectSection
EndProject
Global
	GlobalSection(SolutionConfigurationPlatforms) = preSolution
		Debug|x64 = Debug|x64
		Release|x64 = Release|x64
		MinSizeRel|x64 = MinSizeRel|x64
		RelWithDebInfo|x64 = RelWithDebInfo|x64
	EndGlobalSection
	GlobalSection(ProjectConfigurationPlatforms) = postSolution
		{ECC5D88B-E7F0-3F91-ABCA-7669C30BBCD3}.Debug|x64.ActiveCfg = Debug|x64
		{ECC5D88B-E7F0-3F91-ABCA-7669C30BBCD3}.Debug|x64.Build.0 = Debug|x64
		{ECC5D88B-E7F0-3F91-ABCA-7669C30BBCD3}.Release|x64.ActiveCfg = Release|x64
		{ECC5D88B-E7F0-3F91-ABCA-7669C30BBCD3}.Release|x64.Build.0 = Release|x64
		{ECC5D88B-E7F0-3F91-ABCA-7669C30BBCD3}.MinSizeRel|x64.ActiveCfg = MinSizeRel|x64
		{ECC5D88B-E7F0-3F91-ABCA-7669C30BBCD3}.MinSizeRel|x64.Build.0 = MinSizeRel|x64
		{ECC5D88B-E7F0-3F91-ABCA-7669C30BBCD3}.RelWithDebInfo|x64.ActiveCfg = RelWithDebInfo|x64
		{ECC5D88B-E7F0-3F91-ABCA-7669C30BBCD3}.RelWithDebInfo|x64.Build.0 = RelWithDebInfo|x64
		{DA2D023E-31DD-357B-842B-B7F36AAE3C2C}.Debug|x64.ActiveCfg = Debug|x64
		{DA2D023E-31DD-357B-842B-B7F36AAE3C2C}.Debug|x64.Build.0 = Debug|x64
		{DA2D023E-31DD-357B-842B-B7F36AAE3C2C}.Release|x64.ActiveCfg = Release|x64
		{DA2D023E-31DD-357B-842B-B7F36AAE3C2C}.Release|x64.Build.0 = Release|x64
		{DA2D023E-31DD-357B-842B-B7F36AAE3C2C}.MinSizeRel|x64.ActiveCfg = MinSizeRel|x64
		{DA2D023E-31DD-357B-842B-B7F36AAE3C2C}.MinSizeRel|x64.Build.0 = MinSizeRel|x64
		{DA2D023E-31DD-357B-842B-B7F36AAE3C2C}.RelWithDebInfo|x64.ActiveCfg = RelWithDebInfo|x64
		{DA2D023E-31DD-357B-842B-B7F36AAE3C2C}.RelWithDebInfo|x64.Build.0 = RelWithDebInfo|x64
		{3A27A918-6FE6-3A1A-B4A9-6C00092B22A5}.Debug|x64.ActiveCfg = Debug|x64
		{3A27A918-6FE6-3A1A-B4A9-6C00092B22A5}.Debug|x64.Build.0 = Debug|x64
		{3A27A918-6FE6-3A1A-B4A9-6C00092B22A5}.Release|x64.ActiveCfg = Release|x64
		{3A27A918-6FE6-3A1A-B4A9-6C00092B22A5}.Release|x64.Build.0 = Release|x64
		{3A27A918-6FE6-3A1A-B4A9-6C00092B22A5}.MinSizeRel|x64.ActiveCfg = MinSizeRel|x64
		{3A27A918-6FE6-3A1A-B4A9-6C00092B22A5}.MinSizeRel|x64.Build.0 = MinSizeRel|x64
		{3A27A918-6FE6-3A1A-B4A9-6C00092B22A5}.RelWithDebInfo|x64.ActiveCfg = RelWithDebInfo|x64
		{3A27A918-6FE6-3A1A-B4A9-6C00092B22A5}.RelWithDebInfo|x64.Build.0 = RelWithDebInfo|x64
		{0EF2E6D3-D83E-36E4-A5A3-AF670428BF4C}.Debug|x64.ActiveCfg = Debug|x64
		{0EF2E6D3-D83E-36E4-A5A3-AF670428BF4C}.Release|x64.ActiveCfg = Release|x64
		{0EF2E6D3-D83E-36E4-A5A3-AF670428BF4C}.MinSizeRel|x64.ActiveCfg = MinSizeRel|x64
		{0EF2E6D3-D83E-36E4-A5A3-AF670428BF4C}.RelWithDebInfo|x64.ActiveCfg = RelWithDebInfo|x64
		{2C850E64-9330-3A0D-B93E-88D46A313EBB}.Debug|x64.ActiveCfg = Debug|x64
		{2C850E64-9330-3A0D-B93E-88D46A313EBB}.Debug|x64.Build.0 = Debug|x64
		{2C850E64-9330-3A0D-B93E-88D46A313EBB}.Release|x64.ActiveCfg = Release|x64
		{2C850E64-9330-3A0D-B93E-88D46A313EBB}.Release|x64.Build.0 = Release|x64
		{2C850E64-9330-3A0D-B93E-88D46A313EBB}.MinSizeRel|x64.ActiveCfg = MinSizeRel|x64
		{2C850E64-9330-3A0D-B93E-88D46A313EBB}.MinSizeRel|x64.Build.0 = MinSizeRel|x64
		{2C850E64-9330-3A0D-B93E-88D46A313EBB}.RelWithDebInfo|x64.ActiveCfg = RelWithDebInfo|x64
		{2C850E64-9330-3A0D-B93E-88D46A313EBB}.RelWithDebInfo|x64.Build.0 = RelWithDebInfo|x64
		{7BE0B779-72E2-398A-A468-5811BD49BF6C}.Debug|x64.ActiveCfg = Debug|x64
		{7BE0B779-72E2-398A-A468-5811BD49BF6C}.Debug|x64.Build.0 = Debug|x64
		{7BE0B779-72E2-398A-A468-5811BD49BF6C}.Release|x64.ActiveCfg = Release|x64
		{7BE0B779-72E2-398A-A468-5811BD49BF6C}.Release|x64.Build.0 = Release|x64
		{7BE0B779-72E2-398A-A468-5811BD49BF6C}.MinSizeRel|x64.ActiveCfg = MinSizeRel|x64
		{7BE0B779-72E2-398A-A468-5811BD49BF6C}.MinSizeRel|x64.Build.0 = MinSizeRel|x64
		{7BE0B779-72E2-398A-A468-5811BD49BF6C}.RelWithDebInfo|x64.ActiveCfg = RelWithDebInfo|x64
		{7BE0B779-72E2-398A-A468-5811BD49BF6C}.RelWithDebInfo|x64.Build.0 = RelWithDebInfo|x64
		{4D73849F-B5DE-3F6C-AFED-046EE437E7D9}.Debug|x64.ActiveCfg = Debug|x64
		{4D73849F-B5DE-3F6C-AFED-046EE437E7D9}.Debug|x64.Build.0 = Debug|x64
		{4D73849F-B5DE-3F6C-AFED-046EE437E7D9}.Release|x64.ActiveCfg = Release|x64
		{4D73849F-B5DE-3F6C-AFED-046EE437E7D9}.Release|x64.Build.0 = Release|x64
		{4D73849F-B5DE-3F6C-AFED-046EE437E7D9}.MinSizeRel|x64.ActiveCfg = MinSizeRel|x64
		{4D73849F-B5DE-3F6C-AFED-046EE437E7D9}.MinSizeRel|x64.Build.0 = MinSizeRel|x64
		{4D73849F-B5DE-3F6C-AFED-046EE437E7D9}.RelWithDebInfo|x64.ActiveCfg = RelWithDebInfo|x64
		{4D73849F-B5DE-3F6C-AFED-046EE437E7D9}.RelWithDebInfo|x64.Build.0 = RelWithDebInfo|x64
		{5ACCD302-5867-3747-8F8B-B02FA91C1E62}.Debug|x64.ActiveCfg = Debug|x64
		{5ACCD302-5867-3747-8F8B-B02FA91C1E62}.Debug|x64.Build.0 = Debug|x64
		{5ACCD302-5867-3747-8F8B-B02FA91C1E62}.Release|x64.ActiveCfg = Release|x64
		{5ACCD302-5867-3747-8F8B-B02FA91C1E62}.Release|x64.Build.0 = Release|x64
		{5ACCD302-5867-3747-8F8B-B02FA91C1E62}.MinSizeRel|x64.ActiveCfg = MinSizeRel|x64
		{5ACCD302-5867-3747-8F8B-B02FA91C1E62}.MinSizeRel|x64.Build.0 = MinSizeRel|x64
		{5ACCD302-5867-3747-8F8B-B02FA91C1E62}.RelWithDebInfo|x64.ActiveCfg = RelWithDebInfo|x64
		{5ACCD302-5867-3747-8F8B-B02FA91C1E62}.RelWithDebInfo|x64.Build.0 = RelWithDebInfo|x64
		{374F21ED-1876-3ADA-AFBB-A7F343D2A10A}.Debug|x64.ActiveCfg = Debug|x64
		{374F21ED-1876-3ADA-AFBB-A7F343D2A10A}.Release|x64.ActiveCfg = Release|x64
		{374F21ED-1876-3ADA-AFBB-A7F343D2A10A}.MinSizeRel|x64.ActiveCfg = MinSizeRel|x64
		{374F21ED-1876-3ADA-AFBB-A7F343D2A10A}.RelWithDebInfo|x64.ActiveCfg = RelWithDebInfo|x64
		{FA88C52A-34DD-3AD1-8CE3-05C23FC2B9EE}.Debug|x64.ActiveCfg = Debug|x64
		{FA88C52A-34DD-3AD1-8CE3-05C23FC2B9EE}.Debug|x64.Build.0 = Debug|x64
		{FA88C52A-34DD-3AD1-8CE3-05C23FC2B9EE}.Release|x64.ActiveCfg = Release|x64
		{FA88C52A-34DD-3AD1-8CE3-05C23FC2B9EE}.Release|x64.Build.0 = Release|x64
		{FA88C52A-34DD-3AD1-8CE3-05C23FC2B9EE}.MinSizeRel|x64.ActiveCfg = MinSizeRel|x64
		{FA88C52A-34DD-3AD1-8CE3-05C23FC2B9EE}.MinSizeRel|x64.Build.0 = MinSizeRel|x64
		{FA88C52A-34DD-3AD1-8CE3-05C23FC2B9EE}.RelWithDebInfo|x64.ActiveCfg = RelWithDebInfo|x64
		{FA88C52A-34DD-3AD1-8CE3-05C23FC2B9EE}.RelWithDebInfo|x64.Build.0 = RelWithDebInfo|x64
		{3C769215-B7F8-3172-BB29-98F866B09F12}.Debug|x64.ActiveCfg = Debug|x64
		{3C769215-B7F8-3172-BB29-98F866B09F12}.Debug|x64.Build.0 = Debug|x64
		{3C769215-B7F8-3172-BB29-98F866B09F12}.Release|x64.ActiveCfg = Release|x64
		{3C769215-B7F8-3172-BB29-98F866B09F12}.Release|x64.Build.0 = Release|x64
		{3C769215-B7F8-3172-BB29-98F866B09F12}.MinSizeRel|x64.ActiveCfg = MinSizeRel|x64
		{3C769215-B7F8-3172-BB29-98F866B09F12}.MinSizeRel|x64.Build.0 = MinSizeRel|x64
		{3C769215-B7F8-3172-BB29-98F866B09F12}.RelWithDebInfo|x64.ActiveCfg = RelWithDebInfo|x64
		{3C769215-B7F8-3172-BB29-98F866B09F12}.RelWithDebInfo|x64.Build.0 = RelWithDebInfo|x64
		{D073E3F7-C77A-3956-9E5F-8829EB201F3A}.Debug|x64.ActiveCfg = Debug|x64
		{D073E3F7-C77A-3956-9E5F-8829EB201F3A}.Debug|x64.Build.0 = Debug|x64
		{D073E3F7-C77A-3956-9E5F-8829EB201F3A}.Release|x64.ActiveCfg = Release|x64
		{D073E3F7-C77A-3956-9E5F-8829EB201F3A}.Release|x64.Build.0 = Release|x64
		{D073E3F7-C77A-3956-9E5F-8829EB201F3A}.MinSizeRel|x64.ActiveCfg = MinSizeRel|x64
		{D073E3F7-C77A-3956-9E5F-8829EB201F3A}.MinSizeRel|x64.Build.0 = MinSizeRel|x64
		{D073E3F7-C77A-3956-9E5F-8829EB201F3A}.RelWithDebInfo|x64.ActiveCfg = RelWithDebInfo|x64
		{D073E3F7-C77A-3956-9E5F-8829EB201F3A}.RelWithDebInfo|x64.Build.0 = RelWithDebInfo|x64
		{E42EFCAC-2054-3160-B0EA-CB100F705375}.Debug|x64.ActiveCfg = Debug|x64
		{E42EFCAC-2054-3160-B0EA-CB100F705375}.Release|x64.ActiveCfg = Release|x64
		{E42EFCAC-2054-3160-B0EA-CB100F705375}.MinSizeRel|x64.ActiveCfg = MinSizeRel|x64
		{E42EFCAC-2054-3160-B0EA-CB100F705375}.RelWithDebInfo|x64.ActiveCfg = RelWithDebInfo|x64
		{A008480C-04B2-3AC7-BD6B-F045A1D1D662}.Debug|x64.ActiveCfg = Debug|x64
		{A008480C-04B2-3AC7-BD6B-F045A1D1D662}.Debug|x64.Build.0 = Debug|x64
		{A008480C-04B2-3AC7-BD6B-F045A1D1D662}.Release|x64.ActiveCfg = Release|x64
		{A008480C-04B2-3AC7-BD6B-F045A1D1D662}.Release|x64.Build.0 = Release|x64
		{A008480C-04B2-3AC7-BD6B-F045A1D1D662}.MinSizeRel|x64.ActiveCfg = MinSizeRel|x64
		{A008480C-04B2-3AC7-BD6B-F045A1D1D662}.MinSizeRel|x64.Build.0 = MinSizeRel|x64
		{A008480C-04B2-3AC7-BD6B-F045A1D1D662}.RelWithDebInfo|x64.ActiveCfg = RelWithDebInfo|x64
		{A008480C-04B2-3AC7-BD6B-F045A1D1D662}.RelWithDebInfo|x64.Build.0 = RelWithDebInfo|x64
		{0593CCD2-9870-3760-8E7E-0E066B1E3832}.Debug|x64.ActiveCfg = Debug|x64
		{0593CCD2-9870-3760-8E7E-0E066B1E3832}.Debug|x64.Build.0 = Debug|x64
		{0593CCD2-9870-3760-8E7E-0E066B1E3832}.Release|x64.ActiveCfg = Release|x64
		{0593CCD2-9870-3760-8E7E-0E066B1E3832}.Release|x64.Build.0 = Release|x64
		{0593CCD2-9870-3760-8E7E-0E066B1E3832}.MinSizeRel|x64.ActiveCfg = MinSizeRel|x64
		{0593CCD2-9870-3760-8E7E-0E066B1E3832}.MinSizeRel|x64.Build.0 = MinSizeRel|x64
		{0593CCD2-9870-3760-8E7E-0E066B1E3832}.RelWithDebInfo|x64.ActiveCfg = RelWithDebInfo|x64
		{0593CCD2-9870-3760-8E7E-0E066B1E3832}.RelWithDebInfo|x64.Build.0 = RelWithDebInfo|x64
		{4123203E-C7D4-3AFE-8CC6-4F39D5475F57}.Debug|x64.ActiveCfg = Debug|x64
		{4123203E-C7D4-3AFE-8CC6-4F39D5475F57}.Debug|x64.Build.0 = Debug|x64
		{4123203E-C7D4-3AFE-8CC6-4F39D5475F57}.Release|x64.ActiveCfg = Release|x64
		{4123203E-C7D4-3AFE-8CC6-4F39D5475F57}.Release|x64.Build.0 = Release|x64
		{4123203E-C7D4-3AFE-8CC6-4F39D5475F57}.MinSizeRel|x64.ActiveCfg = MinSizeRel|x64
		{4123203E-C7D4-3AFE-8CC6-4F39D5475F57}.MinSizeRel|x64.Build.0 = MinSizeRel|x64
		{4123203E-C7D4-3AFE-8CC6-4F39D5475F57}.RelWithDebInfo|x64.ActiveCfg = RelWithDebInfo|x64
		{4123203E-C7D4-3AFE-8CC6-4F39D5475F57}.RelWithDebInfo|x64.Build.0 = RelWithDebInfo|x64
	EndGlobalSection
	GlobalSection(ExtensibilityGlobals) = postSolution
		SolutionGuid = {1185D264-3D96-37D8-BF4D-92ACADCA13CE}
	EndGlobalSection
	GlobalSection(ExtensibilityAddIns) = postSolution
	EndGlobalSection
EndGlobal
