<?xml version="1.0" encoding="utf-8"?>
<Project ToolsVersion="15.0" xmlns="http://schemas.microsoft.com/developer/msbuild/2003">
  <ItemGroup>
    <CustomBuild Include="C:\Users\Ziyad\Desktop\TAA Source\CMakeFiles\647e3ed6370abf0654bce9c84ff29f3a\INSTALL_force.rule">
      <Filter>CMake Rules</Filter>
    </CustomBuild>
  </ItemGroup>
  <ItemGroup>
    <Filter Include="CMake Rules">
      <UniqueIdentifier>{6EBCF329-FC27-34A5-BE94-BB4ECFDBF015}</UniqueIdentifier>
    </Filter>
  </ItemGroup>
</Project>
