
Microsoft Visual Studio Solution File, Format Version 12.00
# Visual Studio Version 16
Project("{8BC9CEB8-8B4A-11D0-8D11-00A0C91BC942}") = "ALL_BUILD", "ALL_BUILD.vcxproj", "{6A7ADC44-BA83-340F-AA7C-D859031209B5}"
	ProjectSection(ProjectDependencies) = postProject
		{566FFFEC-474B-316A-A24C-D53771788D49} = {566FFFEC-474B-316A-A24C-D53771788D49}
		{63AB3642-55C2-3E2D-90E0-AF5F55FE513C} = {63AB3642-55C2-3E2D-90E0-AF5F55FE513C}
	EndProjectSection
EndProject
Project("{8BC9CEB8-8B4A-11D0-8D11-00A0C91BC942}") = "TinyClock_Example", "TinyClock_Example.vcxproj", "{566FFFEC-474B-316A-A24C-D53771788D49}"
	ProjectSection(ProjectDependencies) = postProject
		{63AB3642-55C2-3E2D-90E0-AF5F55FE513C} = {63AB3642-55C2-3E2D-90E0-AF5F55FE513C}
	EndProjectSection
EndProject
Project("{8BC9CEB8-8B4A-11D0-8D11-00A0C91BC942}") = "ZERO_CHECK", "..\..\..\\ZERO_CHECK.vcxproj", "{63AB3642-55C2-3E2D-90E0-AF5F55FE513C}"
	ProjectSection(ProjectDependencies) = postProject
	EndProjectSection
EndProject
Global
	GlobalSection(SolutionConfigurationPlatforms) = preSolution
		Debug|x64 = Debug|x64
		Release|x64 = Release|x64
		MinSizeRel|x64 = MinSizeRel|x64
		RelWithDebInfo|x64 = RelWithDebInfo|x64
	EndGlobalSection
	GlobalSection(ProjectConfigurationPlatforms) = postSolution
		{6A7ADC44-BA83-340F-AA7C-D859031209B5}.Debug|x64.ActiveCfg = Debug|x64
		{6A7ADC44-BA83-340F-AA7C-D859031209B5}.Release|x64.ActiveCfg = Release|x64
		{6A7ADC44-BA83-340F-AA7C-D859031209B5}.MinSizeRel|x64.ActiveCfg = MinSizeRel|x64
		{6A7ADC44-BA83-340F-AA7C-D859031209B5}.RelWithDebInfo|x64.ActiveCfg = RelWithDebInfo|x64
		{566FFFEC-474B-316A-A24C-D53771788D49}.Debug|x64.ActiveCfg = Debug|x64
		{566FFFEC-474B-316A-A24C-D53771788D49}.Debug|x64.Build.0 = Debug|x64
		{566FFFEC-474B-316A-A24C-D53771788D49}.Release|x64.ActiveCfg = Release|x64
		{566FFFEC-474B-316A-A24C-D53771788D49}.Release|x64.Build.0 = Release|x64
		{566FFFEC-474B-316A-A24C-D53771788D49}.MinSizeRel|x64.ActiveCfg = MinSizeRel|x64
		{566FFFEC-474B-316A-A24C-D53771788D49}.MinSizeRel|x64.Build.0 = MinSizeRel|x64
		{566FFFEC-474B-316A-A24C-D53771788D49}.RelWithDebInfo|x64.ActiveCfg = RelWithDebInfo|x64
		{566FFFEC-474B-316A-A24C-D53771788D49}.RelWithDebInfo|x64.Build.0 = RelWithDebInfo|x64
		{63AB3642-55C2-3E2D-90E0-AF5F55FE513C}.Debug|x64.ActiveCfg = Debug|x64
		{63AB3642-55C2-3E2D-90E0-AF5F55FE513C}.Debug|x64.Build.0 = Debug|x64
		{63AB3642-55C2-3E2D-90E0-AF5F55FE513C}.Release|x64.ActiveCfg = Release|x64
		{63AB3642-55C2-3E2D-90E0-AF5F55FE513C}.Release|x64.Build.0 = Release|x64
		{63AB3642-55C2-3E2D-90E0-AF5F55FE513C}.MinSizeRel|x64.ActiveCfg = MinSizeRel|x64
		{63AB3642-55C2-3E2D-90E0-AF5F55FE513C}.MinSizeRel|x64.Build.0 = MinSizeRel|x64
		{63AB3642-55C2-3E2D-90E0-AF5F55FE513C}.RelWithDebInfo|x64.ActiveCfg = RelWithDebInfo|x64
		{63AB3642-55C2-3E2D-90E0-AF5F55FE513C}.RelWithDebInfo|x64.Build.0 = RelWithDebInfo|x64
	EndGlobalSection
	GlobalSection(ExtensibilityGlobals) = postSolution
		SolutionGuid = {FE80CB3C-6752-3359-9886-7F6562411F89}
	EndGlobalSection
	GlobalSection(ExtensibilityAddIns) = postSolution
	EndGlobalSection
EndGlobal
